
Microsoft Visual Studio Solution File, Format Version 11.00
# Visual Studio 2010
Project("{FAE04EC0-301F-11D3-BF4B-00C04F79EFBC}") = "Org.InstitutoSerpis.Ad", "Org.InstitutoSerpis.Ad\Org.InstitutoSerpis.Ad.csproj", "{AB52F882-F4AA-4FBF-A049-43BBEA433D8F}"
EndProject
Global
	GlobalSection(SolutionConfigurationPlatforms) = preSolution
		Debug|Any CPU = Debug|Any CPU
		Release|Any CPU = Release|Any CPU
	EndGlobalSection
	GlobalSection(ProjectConfigurationPlatforms) = postSolution
		{AB52F882-F4AA-4FBF-A049-43BBEA433D8F}.Debug|Any CPU.ActiveCfg = Debug|Any CPU
		{AB52F882-F4AA-4FBF-A049-43BBEA433D8F}.Debug|Any CPU.Build.0 = Debug|Any CPU
		{AB52F882-F4AA-4FBF-A049-43BBEA433D8F}.Release|Any CPU.ActiveCfg = Release|Any CPU
		{AB52F882-F4AA-4FBF-A049-43BBEA433D8F}.Release|Any CPU.Build.0 = Release|Any CPU
	EndGlobalSection
	GlobalSection(MonoDevelopProperties) = preSolution
		StartupItem = Org.InstitutoSerpis.Ad\Org.InstitutoSerpis.Ad.csproj
	EndGlobalSection
EndGlobal
